<?xml version="1.0" encoding="utf-8"?>
<Project ToolsVersion="4.0" xmlns="http://schemas.microsoft.com/developer/msbuild/2003">
  <ItemGroup>
    <Filter Include="assets">
      <UniqueIdentifier>{24240a51-8fdb-478f-8c1c-27cbca7adc3f}</UniqueIdentifier>
      <SourceControlFiles>False</SourceControlFiles>
    </Filter>
    <Filter Include="shaders">
      <UniqueIdentifier>{1d345cf5-0451-42e0-83a8-6a3f5a7203ca}</UniqueIdentifier>
    </Filter>
    <Filter Include="precompiled_headers">
      <UniqueIdentifier>{a498e4bc-580a-49d7-9a8e-ec57803fdcd4}</UniqueIdentifier>
    </Filter>
    <Filter Include="shared">
      <UniqueIdentifier>{064141dd-28bf-4502-bd4f-aef5a4d1f6d1}</UniqueIdentifier>
    </Filter>
  </ItemGroup>
  <ItemGroup>
    <None Include="..\..\..\assets\3rd_party\models\dancing_crab\crab.fbx">
      <Filter>assets</Filter>
    </None>
    <None Include="..\..\..\examples\contour_meshlets\shaders\diffuse_shading_fixed_lightsource.frag">
      <Filter>shaders</Filter>
    </None>
    <None Include="..\..\..\examples\contour_meshlets\shaders\meshlet.mesh">
      <Filter>shaders</Filter>
    </None>
    <None Include="..\..\..\examples\contour_meshlets\shaders\meshlet.task">
      <Filter>shaders</Filter>
    </None>
    <None Include="..\..\..\examples\contour_meshlets\shaders\glsl_helpers.glsl">
      <Filter>shared</Filter>
    </None>
    <None Include="..\..\..\assets\3rd_party\models\stanford_bunny\stanford_bunny.obj">
      <Filter>assets</Filter>
    </None>
    <None Include="..\..\..\examples\contour_meshlets\shaders\mesh.glsl">
      <Filter>shared</Filter>
    </None>
    <None Include="..\..\..\assets\3rd_party\models\stanford_bunny\stanford_bunny2.obj">
      <Filter>assets</Filter>
    </None>
    <None Include="..\..\..\examples\contour_meshlets\shaders\debug.mesh">
      <Filter>shaders</Filter>
    </None>
    <None Include="..\..\..\assets\meshcountours-models\ubislurm\MESH_bun_zipper.cmcr">
      <Filter>assets</Filter>
    </None>
    <None Include="..\..\..\assets\meshcountours-models\ubislurm\MESH_bun_zipper.G.cmcp">
      <Filter>assets</Filter>
    </None>
    <None Include="..\..\..\assets\meshcountours-models\ubislurm\MESH_Armadillo.G.cmcp">
      <Filter>assets</Filter>
    </None>
    <None Include="..\..\..\assets\meshcountours-models\ubislurm\MESH_Armadillo.cmcr">
      <Filter>assets</Filter>
    </None>
    <None Include="..\..\..\assets\meshcountours-models\ubislurm\MESH_dragon_vrip.G.cmcp">
      <Filter>assets</Filter>
    </None>
    <None Include="..\..\..\assets\meshcountours-models\ubislurm\MESH_dragon_vrip.cmcr">
      <Filter>assets</Filter>
    </None>
    <None Include="..\..\..\assets\meshcountours-models\ubislurm\MESH_Env_RomanBath.G.cmcp">
      <Filter>assets</Filter>
    </None>
    <None Include="..\..\..\assets\meshcountours-models\ubislurm\MESH_Env_RomanBath.cmcr">
      <Filter>assets</Filter>
    </None>
    <None Include="..\..\..\assets\meshcountours-models\ubislurm\MESH_Env_SpaceStation.cmcr">
      <Filter>assets</Filter>
    </None>
    <None Include="..\..\..\assets\meshcountours-models\ubislurm\MESH_Env_SpaceStation.G.cmcp">
      <Filter>assets</Filter>
    </None>
    <None Include="..\..\..\assets\meshcountours-models\ubislurm\MESH_Env_BookFantasy.cmcr">
      <Filter>assets</Filter>
    </None>
    <None Include="..\..\..\assets\meshcountours-models\ubislurm\MESH_Env_BookFantasy.G.cmcp">
      <Filter>assets</Filter>
    </None>
    <None Include="..\..\..\assets\meshcountours-models\ubislurm\Chr_Pigman.G.cmcp">
      <Filter>assets</Filter>
    </None>
    <None Include="..\..\..\assets\meshcountours-models\ubislurm\Chr_Pigman.cmcr">
      <Filter>assets</Filter>
    </None>
    <None Include="..\..\..\assets\meshcountours-models\ubislurm\Chr_Tuba.cmcr">
      <Filter>assets</Filter>
    </None>
    <None Include="..\..\..\assets\meshcountours-models\ubislurm\Chr_Tuba.G.cmcp">
      <Filter>assets</Filter>
    </None>
    <None Include="..\..\..\assets\meshcountours-models\ubislurm\MESH_Env_Vigilant.G.cmcp">
      <Filter>assets</Filter>
    </None>
    <None Include="..\..\..\assets\meshcountours-models\ubislurm\MESH_Env_Vigilant.cmcr">
      <Filter>assets</Filter>
    </None>
    <None Include="..\..\..\assets\bun_zipper.obj">
      <Filter>assets</Filter>
    </None>
    <None Include="..\..\..\assets\3rd_party\models\stanford_bunny\stanford_bunny3.obj">
      <Filter>assets</Filter>
    </None>
    <None Include="..\..\..\assets\meshcountours-models\ubislurm\MESH_Env_SpaceStationNoDebris.cmcr">
      <Filter>assets</Filter>
    </None>
    <None Include="..\..\..\assets\meshcountours-models\ubislurm\MESH_Env_SpaceStationNoDebris.G.cmcp">
      <Filter>assets</Filter>
    </None>
    <None Include="..\..\..\assets\meshcountours-models\ubislurm\GawainFull.G.cmcp">
      <Filter>assets</Filter>
    </None>
    <None Include="..\..\..\assets\meshcountours-models\ubislurm\GawainFull.cmcr">
      <Filter>assets</Filter>
    </None>
    <None Include="..\..\..\examples\contour_meshlets\shaders\contours.comp">
      <Filter>shaders</Filter>
    </None>
    <None Include="..\..\..\examples\contour_meshlets\shaders\culling.comp">
      <Filter>shaders</Filter>
    </None>
    <None Include="..\..\..\examples\contour_meshlets\shaders\contours.vert">
      <Filter>shaders</Filter>
    </None>
    <None Include="..\..\..\assets\bunny.obj">
      <Filter>assets</Filter>
    </None>
    <None Include="..\..\..\assets\3rd_party\fonts\JetBrainsMono-2.304\fonts\ttf\JetBrainsMono-Regular.ttf">
      <Filter>assets</Filter>
    </None>
    <None Include="..\..\..\assets\meshcountours-models\comp-egsr\MESH_bun_zipper.o.cmcp">
      <Filter>assets</Filter>
    </None>
    <None Include="..\..\..\assets\meshcountours-models\comp-egsr\MESH_Armadillo.^.cmcp">
      <Filter>assets</Filter>
    </None>
    <None Include="..\..\..\assets\meshcountours-models\comp-egsr\MESH_Env_Vigilant.o.cmcp">
      <Filter>assets</Filter>
    </None>
    <None Include="..\..\..\assets\meshcountours-models\comp-egsr\MESH_Env_Vigilant.^.cmcp">
      <Filter>assets</Filter>
    </None>
    <None Include="..\..\..\assets\meshcountours-models\comp-egsr\MESH_Env_RomanBath.^.cmcp">
      <Filter>assets</Filter>
    </None>
    <None Include="..\..\..\assets\meshcountours-models\comp-egsr\MESH_Env_RomanBath.o.cmcp">
      <Filter>assets</Filter>
    </None>
    <None Include="..\..\..\assets\meshcountours-models\comp-egsr\Chr_Tuba.^.cmcp">
      <Filter>assets</Filter>
    </None>
    <None Include="..\..\..\assets\meshcountours-models\comp-egsr\Chr_Tuba.o.cmcp">
      <Filter>assets</Filter>
    </None>
    <None Include="..\..\..\assets\meshcountours-models\comp-egsr\MESH_bun_zipper.^.cmcp">
      <Filter>assets</Filter>
    </None>
    <None Include="..\..\..\assets\meshcountours-models\comp-egsr\MESH_bun_zipper.g.cmcp">
      <Filter>assets</Filter>
    </None>
    <None Include="..\..\..\assets\meshcountours-models\comp-egsr\MESH_bun_zipper.p.cmcp">
      <Filter>assets</Filter>
    </None>
  </ItemGroup>
  <ItemGroup>
    <Image Include="..\..\..\assets\3rd_party\models\dancing_crab\Ambient Occlusion Map from Mesh initialShadingGroup.png">
      <Filter>assets</Filter>
    </Image>
    <Image Include="..\..\..\assets\3rd_party\models\dancing_crab\FullyAssembled_initialShadingGroup_Diffuse.jpg">
      <Filter>assets</Filter>
    </Image>
    <Image Include="..\..\..\assets\3rd_party\models\dancing_crab\FullyAssembled_initialShadingGroup_Glossiness.jpg">
      <Filter>assets</Filter>
    </Image>
    <Image Include="..\..\..\assets\3rd_party\models\dancing_crab\FullyAssembled_initialShadingGroup_Normal.jpg">
      <Filter>assets</Filter>
    </Image>
    <Image Include="..\..\..\assets\3rd_party\models\dancing_crab\FullyAssembled_initialShadingGroup_Specular.jpg">
      <Filter>assets</Filter>
    </Image>
  </ItemGroup>
  <ItemGroup>
    <ClCompile Include="..\..\..\examples\contour_meshlets\source\contour_meshlets.cpp" />
    <ClCompile Include="..\..\..\examples\contour_meshlets\source\metrics_gui.cpp" />
  </ItemGroup>
  <ItemGroup>
    <ClInclude Include="..\..\..\examples\contour_meshlets\shaders\cpu_gpu_shared_config.h">
      <Filter>shared</Filter>
    </ClInclude>
    <ClInclude Include="..\..\..\examples\contour_meshlets\source\metrics_gui.h" />
    <ClInclude Include="..\..\..\examples\contour_meshlets\source\CLI11.hpp" />
  </ItemGroup>
</Project>